
Microsoft Visual Studio Solution File, Format Version 12.00
# Visual Studio Version 17
VisualStudioVersion = 17.6.33815.320
MinimumVisualStudioVersion = 10.0.40219.1
Project("{FAE04EC0-301F-11D3-BF4B-00C04F79EFBC}") = "Esercizio CRUD", "Esercizio CRUD\Esercizio CRUD.csproj", "{54D34FFF-BEE9-47C1-81C7-F11CCDDC57A4}"
EndProject
Global
	GlobalSection(SolutionConfigurationPlatforms) = preSolution
		Debug|Any CPU = Debug|Any CPU
		Release|Any CPU = Release|Any CPU
	EndGlobalSection
	GlobalSection(ProjectConfigurationPlatforms) = postSolution
		{54D34FFF-BEE9-47C1-81C7-F11CCDDC57A4}.Debug|Any CPU.ActiveCfg = Debug|Any CPU
		{54D34FFF-BEE9-47C1-81C7-F11CCDDC57A4}.Debug|Any CPU.Build.0 = Debug|Any CPU
		{54D34FFF-BEE9-47C1-81C7-F11CCDDC57A4}.Release|Any CPU.ActiveCfg = Release|Any CPU
		{54D34FFF-BEE9-47C1-81C7-F11CCDDC57A4}.Release|Any CPU.Build.0 = Release|Any CPU
	EndGlobalSection
	GlobalSection(SolutionProperties) = preSolution
		HideSolutionNode = FALSE
	EndGlobalSection
	GlobalSection(ExtensibilityGlobals) = postSolution
		SolutionGuid = {F2125FC7-847A-42AD-97E1-65F85B196C15}
	EndGlobalSection
EndGlobal
